
Microsoft Visual Studio Solution File, Format Version 12.00
Project("{FAE04EC0-301F-11D3-BF4B-00C04F79EFBC}") = "Api", "Api\Api.csproj", "{72274D6C-03E4-4634-B271-A3CE3A2083D4}"
EndProject
Global
	GlobalSection(SolutionConfigurationPlatforms) = preSolution
		Debug|Any CPU = Debug|Any CPU
		Release|Any CPU = Release|Any CPU
	EndGlobalSection
	GlobalSection(ProjectConfigurationPlatforms) = postSolution
		{72274D6C-03E4-4634-B271-A3CE3A2083D4}.Debug|Any CPU.ActiveCfg = Debug|Any CPU
		{72274D6C-03E4-4634-B271-A3CE3A2083D4}.Debug|Any CPU.Build.0 = Debug|Any CPU
		{72274D6C-03E4-4634-B271-A3CE3A2083D4}.Release|Any CPU.ActiveCfg = Release|Any CPU
		{72274D6C-03E4-4634-B271-A3CE3A2083D4}.Release|Any CPU.Build.0 = Release|Any CPU
	EndGlobalSection
EndGlobal
